// !$*UTF8*$!
{
	archiveVersion = 1;
	classes = {
	};
	objectVersion = 50;
	objects = {

/* Begin PBXBuildFile section */
		6571A68D28847688006685E2 /* SecondAppView.swift in Sources */ = {isa = PBXBuildFile; fileRef = 6571A68C28847688006685E2 /* SecondAppView.swift */; };
		657792BA287B296600B98BBB /* FirstAppView.swift in Sources */ = {isa = PBXBuildFile; fileRef = 657792B9287B296600B98BBB /* FirstAppView.swift */; };
		65D522A62879C7C600B39E18 /* iOSSwiftUIResearchApp.swift in Sources */ = {isa = PBXBuildFile; fileRef = 65D522A52879C7C600B39E18 /* iOSSwiftUIResearchApp.swift */; };
		65D522A82879C7C600B39E18 /* ContentView.swift in Sources */ = {isa = PBXBuildFile; fileRef = 65D522A72879C7C600B39E18 /* ContentView.swift */; };
		65D522AA2879C7C700B39E18 /* Assets.xcassets in Resources */ = {isa = PBXBuildFile; fileRef = 65D522A92879C7C700B39E18 /* Assets.xcassets */; };
		65D522AD2879C7C700B39E18 /* Preview Assets.xcassets in Resources */ = {isa = PBXBuildFile; fileRef = 65D522AC2879C7C700B39E18 /* Preview Assets.xcassets */; };
/* End PBXBuildFile section */

/* Begin PBXFileReference section */
		6571A68C28847688006685E2 /* SecondAppView.swift */ = {isa = PBXFileReference; lastKnownFileType = sourcecode.swift; path = SecondAppView.swift; sourceTree = "<group>"; };
		657792B9287B296600B98BBB /* FirstAppView.swift */ = {isa = PBXFileReference; lastKnownFileType = sourcecode.swift; path = FirstAppView.swift; sourceTree = "<group>"; };
		65D522A22879C7C600B39E18 /* iOSSwiftUIResearch.app */ = {isa = PBXFileReference; explicitFileType = wrapper.application; includeInIndex = 0; path = iOSSwiftUIResearch.app; sourceTree = BUILT_PRODUCTS_DIR; };
		65D522A52879C7C600B39E18 /* iOSSwiftUIResearchApp.swift */ = {isa = PBXFileReference; lastKnownFileType = sourcecode.swift; path = iOSSwiftUIResearchApp.swift; sourceTree = "<group>"; };
		65D522A72879C7C600B39E18 /* ContentView.swift */ = {isa = PBXFileReference; lastKnownFileType = sourcecode.swift; path = ContentView.swift; sourceTree = "<group>"; };
		65D522A92879C7C700B39E18 /* Assets.xcassets */ = {isa = PBXFileReference; lastKnownFileType = folder.assetcatalog; path = Assets.xcassets; sourceTree = "<group>"; };
		65D522AC2879C7C700B39E18 /* Preview Assets.xcassets */ = {isa = PBXFileReference; lastKnownFileType = folder.assetcatalog; path = "Preview Assets.xcassets"; sourceTree = "<group>"; };
		65D522AE2879C7C700B39E18 /* Info.plist */ = {isa = PBXFileReference; lastKnownFileType = text.plist.xml; path = Info.plist; sourceTree = "<group>"; };
/* End PBXFileReference section */

/* Begin PBXFrameworksBuildPhase section */
		65D5229F2879C7C600B39E18 /* Frameworks */ = {
			isa = PBXFrameworksBuildPhase;
			buildActionMask = 2147483647;
			files = (
			);
			runOnlyForDeploymentPostprocessing = 0;
		};
/* End PBXFrameworksBuildPhase section */

/* Begin PBXGroup section */
		6571A68B28847659006685E2 /* SecondApp */ = {
			isa = PBXGroup;
			children = (
				6571A68C28847688006685E2 /* SecondAppView.swift */,
			);
			path = SecondApp;
			sourceTree = "<group>";
		};
		657792BB287B297B00B98BBB /* FirstApp */ = {
			isa = PBXGroup;
			children = (
				657792B9287B296600B98BBB /* FirstAppView.swift */,
			);
			path = FirstApp;
			sourceTree = "<group>";
		};
		65D522992879C7C600B39E18 = {
			isa = PBXGroup;
			children = (
				65D522A42879C7C600B39E18 /* iOSSwiftUIResearch */,
				65D522A32879C7C600B39E18 /* Products */,
			);
			sourceTree = "<group>";
		};
		65D522A32879C7C600B39E18 /* Products */ = {
			isa = PBXGroup;
			children = (
				65D522A22879C7C600B39E18 /* iOSSwiftUIResearch.app */,
			);
			name = Products;
			sourceTree = "<group>";
		};
		65D522A42879C7C600B39E18 /* iOSSwiftUIResearch */ = {
			isa = PBXGroup;
			children = (
				657792BB287B297B00B98BBB /* FirstApp */,
				6571A68B28847659006685E2 /* SecondApp */,
				65D522AE2879C7C700B39E18 /* Info.plist */,
				65D522A72879C7C600B39E18 /* ContentView.swift */,
				65D522A52879C7C600B39E18 /* iOSSwiftUIResearchApp.swift */,
				65D522A92879C7C700B39E18 /* Assets.xcassets */,
				65D522AB2879C7C700B39E18 /* Preview Content */,
			);
			path = iOSSwiftUIResearch;
			sourceTree = "<group>";
		};
		65D522AB2879C7C700B39E18 /* Preview Content */ = {
			isa = PBXGroup;
			children = (
				65D522AC2879C7C700B39E18 /* Preview Assets.xcassets */,
			);
			path = "Preview Content";
			sourceTree = "<group>";
		};
/* End PBXGroup section */

/* Begin PBXNativeTarget section */
		65D522A12879C7C600B39E18 /* iOSSwiftUIResearch */ = {
			isa = PBXNativeTarget;
			buildConfigurationList = 65D522B12879C7C700B39E18 /* Build configuration list for PBXNativeTarget "iOSSwiftUIResearch" */;
			buildPhases = (
				65D5229E2879C7C600B39E18 /* Sources */,
				65D5229F2879C7C600B39E18 /* Frameworks */,
				65D522A02879C7C600B39E18 /* Resources */,
			);
			buildRules = (
			);
			dependencies = (
			);
			name = iOSSwiftUIResearch;
			productName = iOSSwiftUIResearch;
			productReference = 65D522A22879C7C600B39E18 /* iOSSwiftUIResearch.app */;
			productType = "com.apple.product-type.application";
		};
/* End PBXNativeTarget section */

/* Begin PBXProject section */
		65D5229A2879C7C600B39E18 /* Project object */ = {
			isa = PBXProject;
			attributes = {
				LastSwiftUpdateCheck = 1250;
				LastUpgradeCheck = 1250;
				TargetAttributes = {
					65D522A12879C7C600B39E18 = {
						CreatedOnToolsVersion = 12.5.1;
					};
				};
			};
			buildConfigurationList = 65D5229D2879C7C600B39E18 /* Build configuration list for PBXProject "iOSSwiftUIResearch" */;
			compatibilityVersion = "Xcode 9.3";
			developmentRegion = en;
			hasScannedForEncodings = 0;
			knownRegions = (
				en,
				Base,
			);
			mainGroup = 65D522992879C7C600B39E18;
			productRefGroup = 65D522A32879C7C600B39E18 /* Products */;
			projectDirPath = "";
			projectRoot = "";
			targets = (
				65D522A12879C7C600B39E18 /* iOSSwiftUIResearch */,
			);
		};
/* End PBXProject section */

/* Begin PBXResourcesBuildPhase section */
		65D522A02879C7C600B39E18 /* Resources */ = {
			isa = PBXResourcesBuildPhase;
			buildActionMask = 2147483647;
			files = (
				65D522AD2879C7C700B39E18 /* Preview Assets.xcassets in Resources */,
				65D522AA2879C7C700B39E18 /* Assets.xcassets in Resources */,
			);
			runOnlyForDeploymentPostprocessing = 0;
		};
/* End PBXResourcesBuildPhase section */

/* Begin PBXSourcesBuildPhase section */
		65D5229E2879C7C600B39E18 /* Sources */ = {
			isa = PBXSourcesBuildPhase;
			buildActionMask = 2147483647;
			files = (
				657792BA287B296600B98BBB /* FirstAppView.swift in Sources */,
				65D522A82879C7C600B39E18 /* ContentView.swift in Sources */,
				6571A68D28847688006685E2 /* SecondAppView.swift in Sources */,
				65D522A62879C7C600B39E18 /* iOSSwiftUIResearchApp.swift in Sources */,
			);
			runOnlyForDeploymentPostprocessing = 0;
		};
/* End PBXSourcesBuildPhase section */

/* Begin XCBuildConfiguration section */
		65D522AF2879C7C700B39E18 /* Debug */ = {
			isa = XCBuildConfiguration;
			buildSettings = {
				ALWAYS_SEARCH_USER_PATHS = NO;
				CLANG_ANALYZER_NONNULL = YES;
				CLANG_ANALYZER_NUMBER_OBJECT_CONVERSION = YES_AGGRESSIVE;
				CLANG_CXX_LANGUAGE_STANDARD = "gnu++14";
				CLANG_CXX_LIBRARY = "libc++";
				CLANG_ENABLE_MODULES = YES;
				CLANG_ENABLE_OBJC_ARC = YES;
				CLANG_ENABLE_OBJC_WEAK = YES;
				CLANG_WARN_BLOCK_CAPTURE_AUTORELEASING = YES;
				CLANG_WARN_BOOL_CONVERSION = YES;
				CLANG_WARN_COMMA = YES;
				CLANG_WARN_CONSTANT_CONVERSION = YES;
				CLANG_WARN_DEPRECATED_OBJC_IMPLEMENTATIONS = YES;
				CLANG_WARN_DIRECT_OBJC_ISA_USAGE = YES_ERROR;
				CLANG_WARN_DOCUMENTATION_COMMENTS = YES;
				CLANG_WARN_EMPTY_BODY = YES;
				CLANG_WARN_ENUM_CONVERSION = YES;
				CLANG_WARN_INFINITE_RECURSION = YES;
				CLANG_WARN_INT_CONVERSION = YES;
				CLANG_WARN_NON_LITERAL_NULL_CONVERSION = YES;
				CLANG_WARN_OBJC_IMPLICIT_RETAIN_SELF = YES;
				CLANG_WARN_OBJC_LITERAL_CONVERSION = YES;
				CLANG_WARN_OBJC_ROOT_CLASS = YES_ERROR;
				CLANG_WARN_QUOTED_INCLUDE_IN_FRAMEWORK_HEADER = YES;
				CLANG_WARN_RANGE_LOOP_ANALYSIS = YES;
				CLANG_WARN_STRICT_PROTOTYPES = YES;
				CLANG_WARN_SUSPICIOUS_MOVE = YES;
				CLANG_WARN_UNGUARDED_AVAILABILITY = YES_AGGRESSIVE;
				CLANG_WARN_UNREACHABLE_CODE = YES;
				CLANG_WARN__DUPLICATE_METHOD_MATCH = YES;
				COPY_PHASE_STRIP = NO;
				DEBUG_INFORMATION_FORMAT = dwarf;
				ENABLE_STRICT_OBJC_MSGSEND = YES;
				ENABLE_TESTABILITY = YES;
				GCC_C_LANGUAGE_STANDARD = gnu11;
				GCC_DYNAMIC_NO_PIC = NO;
				GCC_NO_COMMON_BLOCKS = YES;
				GCC_OPTIMIZATION_LEVEL = 0;
				GCC_PREPROCESSOR_DEFINITIONS = (
					"DEBUG=1",
					"$(inherited)",
				);
				GCC_WARN_64_TO_32_BIT_CONVERSION = YES;
				GCC_WARN_ABOUT_RETURN_TYPE = YES_ERROR;
				GCC_WARN_UNDECLARED_SELECTOR = YES;
				GCC_WARN_UNINITIALIZED_AUTOS = YES_AGGRESSIVE;
				GCC_WARN_UNUSED_FUNCTION = YES;
				GCC_WARN_UNUSED_VARIABLE = YES;
				IPHONEOS_DEPLOYMENT_TARGET = 14.5;
				MTL_ENABLE_DEBUG_INFO = INCLUDE_SOURCE;
				MTL_FAST_MATH = YES;
				ONLY_ACTIVE_ARCH = YES;
				SDKROOT = iphoneos;
				SWIFT_ACTIVE_COMPILATION_CONDITIONS = DEBUG;
				SWIFT_OPTIMIZATION_LEVEL = "-Onone";
			};
			name = Debug;
		};
		65D522B02879C7C700B39E18 /* Release */ = {
			isa = XCBuildConfiguration;
			buildSettings = {
				ALWAYS_SEARCH_USER_PATHS = NO;
				CLANG_ANALYZER_NONNULL = YES;
				CLANG_ANALYZER_NUMBER_OBJECT_CONVERSION = YES_AGGRESSIVE;
				CLANG_CXX_LANGUAGE_STANDARD = "gnu++14";
				CLANG_CXX_LIBRARY = "libc++";
				CLANG_ENABLE_MODULES = YES;
				CLANG_ENABLE_OBJC_ARC = YES;
				CLANG_ENABLE_OBJC_WEAK = YES;
				CLANG_WARN_BLOCK_CAPTURE_AUTORELEASING = YES;
				CLANG_WARN_BOOL_CONVERSION = YES;
				CLANG_WARN_COMMA = YES;
				CLANG_WARN_CONSTANT_CONVERSION = YES;
				CLANG_WARN_DEPRECATED_OBJC_IMPLEMENTATIONS = YES;
				CLANG_WARN_DIRECT_OBJC_ISA_USAGE = YES_ERROR;
				CLANG_WARN_DOCUMENTATION_COMMENTS = YES;
				CLANG_WARN_EMPTY_BODY = YES;
				CLANG_WARN_ENUM_CONVERSION = YES;
				CLANG_WARN_INFINITE_RECURSION = YES;
				CLANG_WARN_INT_CONVERSION = YES;
				CLANG_WARN_NON_LITERAL_NULL_CONVERSION = YES;
				CLANG_WARN_OBJC_IMPLICIT_RETAIN_SELF = YES;
				CLANG_WARN_OBJC_LITERAL_CONVERSION = YES;
				CLANG_WARN_OBJC_ROOT_CLASS = YES_ERROR;
				CLANG_WARN_QUOTED_INCLUDE_IN_FRAMEWORK_HEADER = YES;
				CLANG_WARN_RANGE_LOOP_ANALYSIS = YES;
				CLANG_WARN_STRICT_PROTOTYPES = YES;
				CLANG_WARN_SUSPICIOUS_MOVE = YES;
				CLANG_WARN_UNGUARDED_AVAILABILITY = YES_AGGRESSIVE;
				CLANG_WARN_UNREACHABLE_CODE = YES;
				CLANG_WARN__DUPLICATE_METHOD_MATCH = YES;
				COPY_PHASE_STRIP = NO;
				DEBUG_INFORMATION_FORMAT = "dwarf-with-dsym";
				ENABLE_NS_ASSERTIONS = NO;
				ENABLE_STRICT_OBJC_MSGSEND = YES;
				GCC_C_LANGUAGE_STANDARD = gnu11;
				GCC_NO_COMMON_BLOCKS = YES;
				GCC_WARN_64_TO_32_BIT_CONVERSION = YES;
				GCC_WARN_ABOUT_RETURN_TYPE = YES_ERROR;
				GCC_WARN_UNDECLARED_SELECTOR = YES;
				GCC_WARN_UNINITIALIZED_AUTOS = YES_AGGRESSIVE;
				GCC_WARN_UNUSED_FUNCTION = YES;
				GCC_WARN_UNUSED_VARIABLE = YES;
				IPHONEOS_DEPLOYMENT_TARGET = 14.5;
				MTL_ENABLE_DEBUG_INFO = NO;
				MTL_FAST_MATH = YES;
				SDKROOT = iphoneos;
				SWIFT_COMPILATION_MODE = wholemodule;
				SWIFT_OPTIMIZATION_LEVEL = "-O";
				VALIDATE_PRODUCT = YES;
			};
			name = Release;
		};
		65D522B22879C7C700B39E18 /* Debug */ = {
			isa = XCBuildConfiguration;
			buildSettings = {
				ASSETCATALOG_COMPILER_APPICON_NAME = AppIcon;
				ASSETCATALOG_COMPILER_GLOBAL_ACCENT_COLOR_NAME = AccentColor;
				CODE_SIGN_STYLE = Automatic;
				DEVELOPMENT_ASSET_PATHS = "\"iOSSwiftUIResearch/Preview Content\"";
				ENABLE_PREVIEWS = YES;
				INFOPLIST_FILE = iOSSwiftUIResearch/Info.plist;
				IPHONEOS_DEPLOYMENT_TARGET = 14.0;
				LD_RUNPATH_SEARCH_PATHS = (
					"$(inherited)",
					"@executable_path/Frameworks",
				);
				PRODUCT_BUNDLE_IDENTIFIER = com.yotsufe.iOSSwiftUIResearch;
				PRODUCT_NAME = "$(TARGET_NAME)";
				SWIFT_VERSION = 5.0;
				TARGETED_DEVICE_FAMILY = "1,2";
			};
			name = Debug;
		};
		65D522B32879C7C700B39E18 /* Release */ = {
			isa = XCBuildConfiguration;
			buildSettings = {
				ASSETCATALOG_COMPILER_APPICON_NAME = AppIcon;
				ASSETCATALOG_COMPILER_GLOBAL_ACCENT_COLOR_NAME = AccentColor;
				CODE_SIGN_STYLE = Automatic;
				DEVELOPMENT_ASSET_PATHS = "\"iOSSwiftUIResearch/Preview Content\"";
				ENABLE_PREVIEWS = YES;
				INFOPLIST_FILE = iOSSwiftUIResearch/Info.plist;
				IPHONEOS_DEPLOYMENT_TARGET = 14.0;
				LD_RUNPATH_SEARCH_PATHS = (
					"$(inherited)",
					"@executable_path/Frameworks",
				);
				PRODUCT_BUNDLE_IDENTIFIER = com.yotsufe.iOSSwiftUIResearch;
				PRODUCT_NAME = "$(TARGET_NAME)";
				SWIFT_VERSION = 5.0;
				TARGETED_DEVICE_FAMILY = "1,2";
			};
			name = Release;
		};
/* End XCBuildConfiguration section */

/* Begin XCConfigurationList section */
		65D5229D2879C7C600B39E18 /* Build configuration list for PBXProject "iOSSwiftUIResearch" */ = {
			isa = XCConfigurationList;
			buildConfigurations = (
				65D522AF2879C7C700B39E18 /* Debug */,
				65D522B02879C7C700B39E18 /* Release */,
			);
			defaultConfigurationIsVisible = 0;
			defaultConfigurationName = Release;
		};
		65D522B12879C7C700B39E18 /* Build configuration list for PBXNativeTarget "iOSSwiftUIResearch" */ = {
			isa = XCConfigurationList;
			buildConfigurations = (
				65D522B22879C7C700B39E18 /* Debug */,
				65D522B32879C7C700B39E18 /* Release */,
			);
			defaultConfigurationIsVisible = 0;
			defaultConfigurationName = Release;
		};
/* End XCConfigurationList section */
	};
	rootObject = 65D5229A2879C7C600B39E18 /* Project object */;
}
